// !$*UTF8*$!
{
	archiveVersion = 1;
	classes = {
	};
	objectVersion = 46;
	objects = {

/* Begin PBXBuildFile section */
		3C01D7316B4E94EE78BC2540 /* libPods-Blocstagram.a in Frameworks */ = {isa = PBXBuildFile; fileRef = F35CE69ECED02A4A2C89C51B /* libPods-Blocstagram.a */; };
		5E1A5A1C1D0736CD005D8F89 /* CircleSpinnerView.m in Sources */ = {isa = PBXBuildFile; fileRef = 5E1A5A1B1D0736CD005D8F89 /* CircleSpinnerView.m */; };
		5E1A5A1F1D075D9C005D8F89 /* LikeButton.m in Sources */ = {isa = PBXBuildFile; fileRef = 5E1A5A1E1D075D9C005D8F89 /* LikeButton.m */; };
		5E1A5A221D0B1C31005D8F89 /* ComposeCommentView.m in Sources */ = {isa = PBXBuildFile; fileRef = 5E1A5A211D0B1C31005D8F89 /* ComposeCommentView.m */; };
		5EA681631CEF6654007136CA /* MediaTableViewCell.m in Sources */ = {isa = PBXBuildFile; fileRef = 5EA681621CEF6654007136CA /* MediaTableViewCell.m */; };
		5EA681661CF0001D007136CA /* LoginViewController.m in Sources */ = {isa = PBXBuildFile; fileRef = 5EA681651CF0001D007136CA /* LoginViewController.m */; };
		5EB682641CF574150028A3BE /* MediaFullScreenViewController.m in Sources */ = {isa = PBXBuildFile; fileRef = 5EB682631CF574150028A3BE /* MediaFullScreenViewController.m */; };
		5EF2417C1CED20E0003EA782 /* main.m in Sources */ = {isa = PBXBuildFile; fileRef = 5EF2417B1CED20DF003EA782 /* main.m */; };
		5EF2417F1CED20E0003EA782 /* AppDelegate.m in Sources */ = {isa = PBXBuildFile; fileRef = 5EF2417E1CED20E0003EA782 /* AppDelegate.m */; };
		5EF241871CED20E0003EA782 /* Assets.xcassets in Resources */ = {isa = PBXBuildFile; fileRef = 5EF241861CED20E0003EA782 /* Assets.xcassets */; };
		5EF2418A1CED20E0003EA782 /* LaunchScreen.storyboard in Resources */ = {isa = PBXBuildFile; fileRef = 5EF241881CED20E0003EA782 /* LaunchScreen.storyboard */; };
		5EF2419D1CED2393003EA782 /* 1.jpg in Resources */ = {isa = PBXBuildFile; fileRef = 5EF241931CED2393003EA782 /* 1.jpg */; };
		5EF2419E1CED2393003EA782 /* 2.jpg in Resources */ = {isa = PBXBuildFile; fileRef = 5EF241941CED2393003EA782 /* 2.jpg */; };
		5EF2419F1CED2393003EA782 /* 3.jpg in Resources */ = {isa = PBXBuildFile; fileRef = 5EF241951CED2393003EA782 /* 3.jpg */; };
		5EF241A01CED2393003EA782 /* 4.jpg in Resources */ = {isa = PBXBuildFile; fileRef = 5EF241961CED2393003EA782 /* 4.jpg */; };
		5EF241A11CED2393003EA782 /* 5.jpg in Resources */ = {isa = PBXBuildFile; fileRef = 5EF241971CED2393003EA782 /* 5.jpg */; };
		5EF241A21CED2393003EA782 /* 6.jpg in Resources */ = {isa = PBXBuildFile; fileRef = 5EF241981CED2393003EA782 /* 6.jpg */; };
		5EF241A31CED2393003EA782 /* 7.jpg in Resources */ = {isa = PBXBuildFile; fileRef = 5EF241991CED2393003EA782 /* 7.jpg */; };
		5EF241A41CED2393003EA782 /* 8.jpg in Resources */ = {isa = PBXBuildFile; fileRef = 5EF2419A1CED2393003EA782 /* 8.jpg */; };
		5EF241A51CED2393003EA782 /* 9.jpg in Resources */ = {isa = PBXBuildFile; fileRef = 5EF2419B1CED2393003EA782 /* 9.jpg */; };
		5EF241A61CED2393003EA782 /* 10.jpg in Resources */ = {isa = PBXBuildFile; fileRef = 5EF2419C1CED2393003EA782 /* 10.jpg */; };
		5EF241AF1CED271B003EA782 /* ImagesTableViewController.m in Sources */ = {isa = PBXBuildFile; fileRef = 5EF241AE1CED271B003EA782 /* ImagesTableViewController.m */; };
		5EF241B21CEE76AC003EA782 /* User.m in Sources */ = {isa = PBXBuildFile; fileRef = 5EF241B11CEE76AC003EA782 /* User.m */; };
		5EF241B51CEE7747003EA782 /* Media.m in Sources */ = {isa = PBXBuildFile; fileRef = 5EF241B41CEE7747003EA782 /* Media.m */; };
		5EF241B81CEE78C5003EA782 /* Comment.m in Sources */ = {isa = PBXBuildFile; fileRef = 5EF241B71CEE78C5003EA782 /* Comment.m */; };
		5EF241BB1CEE7975003EA782 /* DataSource.m in Sources */ = {isa = PBXBuildFile; fileRef = 5EF241BA1CEE7975003EA782 /* DataSource.m */; };
/* End PBXBuildFile section */

/* Begin PBXFileReference section */
		5E1A5A1A1D0736CD005D8F89 /* CircleSpinnerView.h */ = {isa = PBXFileReference; fileEncoding = 4; lastKnownFileType = sourcecode.c.h; path = CircleSpinnerView.h; sourceTree = "<group>"; };
		5E1A5A1B1D0736CD005D8F89 /* CircleSpinnerView.m */ = {isa = PBXFileReference; fileEncoding = 4; lastKnownFileType = sourcecode.c.objc; path = CircleSpinnerView.m; sourceTree = "<group>"; };
		5E1A5A1D1D075D9C005D8F89 /* LikeButton.h */ = {isa = PBXFileReference; fileEncoding = 4; lastKnownFileType = sourcecode.c.h; path = LikeButton.h; sourceTree = "<group>"; };
		5E1A5A1E1D075D9C005D8F89 /* LikeButton.m */ = {isa = PBXFileReference; fileEncoding = 4; lastKnownFileType = sourcecode.c.objc; path = LikeButton.m; sourceTree = "<group>"; };
		5E1A5A201D0B1C31005D8F89 /* ComposeCommentView.h */ = {isa = PBXFileReference; fileEncoding = 4; lastKnownFileType = sourcecode.c.h; path = ComposeCommentView.h; sourceTree = "<group>"; };
		5E1A5A211D0B1C31005D8F89 /* ComposeCommentView.m */ = {isa = PBXFileReference; fileEncoding = 4; lastKnownFileType = sourcecode.c.objc; path = ComposeCommentView.m; sourceTree = "<group>"; };
		5EA681611CEF6654007136CA /* MediaTableViewCell.h */ = {isa = PBXFileReference; fileEncoding = 4; lastKnownFileType = sourcecode.c.h; path = MediaTableViewCell.h; sourceTree = "<group>"; };
		5EA681621CEF6654007136CA /* MediaTableViewCell.m */ = {isa = PBXFileReference; fileEncoding = 4; lastKnownFileType = sourcecode.c.objc; path = MediaTableViewCell.m; sourceTree = "<group>"; };
		5EA681641CF0001D007136CA /* LoginViewController.h */ = {isa = PBXFileReference; fileEncoding = 4; lastKnownFileType = sourcecode.c.h; path = LoginViewController.h; sourceTree = "<group>"; };
		5EA681651CF0001D007136CA /* LoginViewController.m */ = {isa = PBXFileReference; fileEncoding = 4; lastKnownFileType = sourcecode.c.objc; path = LoginViewController.m; sourceTree = "<group>"; };
		5EB682621CF574150028A3BE /* MediaFullScreenViewController.h */ = {isa = PBXFileReference; fileEncoding = 4; lastKnownFileType = sourcecode.c.h; path = MediaFullScreenViewController.h; sourceTree = "<group>"; };
		5EB682631CF574150028A3BE /* MediaFullScreenViewController.m */ = {isa = PBXFileReference; fileEncoding = 4; lastKnownFileType = sourcecode.c.objc; path = MediaFullScreenViewController.m; sourceTree = "<group>"; };
		5EF241771CED20DF003EA782 /* Blocstagram.app */ = {isa = PBXFileReference; explicitFileType = wrapper.application; includeInIndex = 0; path = Blocstagram.app; sourceTree = BUILT_PRODUCTS_DIR; };
		5EF2417B1CED20DF003EA782 /* main.m */ = {isa = PBXFileReference; lastKnownFileType = sourcecode.c.objc; path = main.m; sourceTree = "<group>"; };
		5EF2417D1CED20E0003EA782 /* AppDelegate.h */ = {isa = PBXFileReference; lastKnownFileType = sourcecode.c.h; path = AppDelegate.h; sourceTree = "<group>"; };
		5EF2417E1CED20E0003EA782 /* AppDelegate.m */ = {isa = PBXFileReference; lastKnownFileType = sourcecode.c.objc; path = AppDelegate.m; sourceTree = "<group>"; };
		5EF241861CED20E0003EA782 /* Assets.xcassets */ = {isa = PBXFileReference; lastKnownFileType = folder.assetcatalog; path = Assets.xcassets; sourceTree = "<group>"; };
		5EF241891CED20E0003EA782 /* Base */ = {isa = PBXFileReference; lastKnownFileType = file.storyboard; name = Base; path = Base.lproj/LaunchScreen.storyboard; sourceTree = "<group>"; };
		5EF2418B1CED20E0003EA782 /* Info.plist */ = {isa = PBXFileReference; lastKnownFileType = text.plist.xml; path = Info.plist; sourceTree = "<group>"; };
		5EF241931CED2393003EA782 /* 1.jpg */ = {isa = PBXFileReference; lastKnownFileType = image.jpeg; path = 1.jpg; sourceTree = "<group>"; };
		5EF241941CED2393003EA782 /* 2.jpg */ = {isa = PBXFileReference; lastKnownFileType = image.jpeg; path = 2.jpg; sourceTree = "<group>"; };
		5EF241951CED2393003EA782 /* 3.jpg */ = {isa = PBXFileReference; lastKnownFileType = image.jpeg; path = 3.jpg; sourceTree = "<group>"; };
		5EF241961CED2393003EA782 /* 4.jpg */ = {isa = PBXFileReference; lastKnownFileType = image.jpeg; path = 4.jpg; sourceTree = "<group>"; };
		5EF241971CED2393003EA782 /* 5.jpg */ = {isa = PBXFileReference; lastKnownFileType = image.jpeg; path = 5.jpg; sourceTree = "<group>"; };
		5EF241981CED2393003EA782 /* 6.jpg */ = {isa = PBXFileReference; lastKnownFileType = image.jpeg; path = 6.jpg; sourceTree = "<group>"; };
		5EF241991CED2393003EA782 /* 7.jpg */ = {isa = PBXFileReference; lastKnownFileType = image.jpeg; path = 7.jpg; sourceTree = "<group>"; };
		5EF2419A1CED2393003EA782 /* 8.jpg */ = {isa = PBXFileReference; lastKnownFileType = image.jpeg; path = 8.jpg; sourceTree = "<group>"; };
		5EF2419B1CED2393003EA782 /* 9.jpg */ = {isa = PBXFileReference; lastKnownFileType = image.jpeg; path = 9.jpg; sourceTree = "<group>"; };
		5EF2419C1CED2393003EA782 /* 10.jpg */ = {isa = PBXFileReference; lastKnownFileType = image.jpeg; path = 10.jpg; sourceTree = "<group>"; };
		5EF241AD1CED271B003EA782 /* ImagesTableViewController.h */ = {isa = PBXFileReference; fileEncoding = 4; lastKnownFileType = sourcecode.c.h; path = ImagesTableViewController.h; sourceTree = "<group>"; };
		5EF241AE1CED271B003EA782 /* ImagesTableViewController.m */ = {isa = PBXFileReference; fileEncoding = 4; lastKnownFileType = sourcecode.c.objc; path = ImagesTableViewController.m; sourceTree = "<group>"; };
		5EF241B01CEE76AC003EA782 /* User.h */ = {isa = PBXFileReference; fileEncoding = 4; lastKnownFileType = sourcecode.c.h; path = User.h; sourceTree = "<group>"; };
		5EF241B11CEE76AC003EA782 /* User.m */ = {isa = PBXFileReference; fileEncoding = 4; lastKnownFileType = sourcecode.c.objc; path = User.m; sourceTree = "<group>"; };
		5EF241B31CEE7747003EA782 /* Media.h */ = {isa = PBXFileReference; fileEncoding = 4; lastKnownFileType = sourcecode.c.h; path = Media.h; sourceTree = "<group>"; };
		5EF241B41CEE7747003EA782 /* Media.m */ = {isa = PBXFileReference; fileEncoding = 4; lastKnownFileType = sourcecode.c.objc; path = Media.m; sourceTree = "<group>"; };
		5EF241B61CEE78C5003EA782 /* Comment.h */ = {isa = PBXFileReference; fileEncoding = 4; lastKnownFileType = sourcecode.c.h; path = Comment.h; sourceTree = "<group>"; };
		5EF241B71CEE78C5003EA782 /* Comment.m */ = {isa = PBXFileReference; fileEncoding = 4; lastKnownFileType = sourcecode.c.objc; path = Comment.m; sourceTree = "<group>"; };
		5EF241B91CEE7975003EA782 /* DataSource.h */ = {isa = PBXFileReference; fileEncoding = 4; lastKnownFileType = sourcecode.c.h; path = DataSource.h; sourceTree = "<group>"; };
		5EF241BA1CEE7975003EA782 /* DataSource.m */ = {isa = PBXFileReference; fileEncoding = 4; lastKnownFileType = sourcecode.c.objc; path = DataSource.m; sourceTree = "<group>"; };
		9AA6F92B348779B68AF5B271 /* Pods-Blocstagram.debug.xcconfig */ = {isa = PBXFileReference; includeInIndex = 1; lastKnownFileType = text.xcconfig; name = "Pods-Blocstagram.debug.xcconfig"; path = "Pods/Target Support Files/Pods-Blocstagram/Pods-Blocstagram.debug.xcconfig"; sourceTree = "<group>"; };
		B2B0126DA62F7A140ABB4FC8 /* Pods-Blocstagram.release.xcconfig */ = {isa = PBXFileReference; includeInIndex = 1; lastKnownFileType = text.xcconfig; name = "Pods-Blocstagram.release.xcconfig"; path = "Pods/Target Support Files/Pods-Blocstagram/Pods-Blocstagram.release.xcconfig"; sourceTree = "<group>"; };
		F35CE69ECED02A4A2C89C51B /* libPods-Blocstagram.a */ = {isa = PBXFileReference; explicitFileType = archive.ar; includeInIndex = 0; path = "libPods-Blocstagram.a"; sourceTree = BUILT_PRODUCTS_DIR; };
/* End PBXFileReference section */

/* Begin PBXFrameworksBuildPhase section */
		5EF241741CED20DF003EA782 /* Frameworks */ = {
			isa = PBXFrameworksBuildPhase;
			buildActionMask = 2147483647;
			files = (
				3C01D7316B4E94EE78BC2540 /* libPods-Blocstagram.a in Frameworks */,
			);
			runOnlyForDeploymentPostprocessing = 0;
		};
/* End PBXFrameworksBuildPhase section */

/* Begin PBXGroup section */
		5EF2416E1CED20DF003EA782 = {
			isa = PBXGroup;
			children = (
				5EF241791CED20DF003EA782 /* Blocstagram */,
				5EF241781CED20DF003EA782 /* Products */,
				B9095F4EBF8C226DEE9227AE /* Pods */,
				92DEB003543DA5A76E01C807 /* Frameworks */,
			);
			sourceTree = "<group>";
		};
		5EF241781CED20DF003EA782 /* Products */ = {
			isa = PBXGroup;
			children = (
				5EF241771CED20DF003EA782 /* Blocstagram.app */,
			);
			name = Products;
			sourceTree = "<group>";
		};
		5EF241791CED20DF003EA782 /* Blocstagram */ = {
			isa = PBXGroup;
			children = (
				5EF2417D1CED20E0003EA782 /* AppDelegate.h */,
				5EF2417E1CED20E0003EA782 /* AppDelegate.m */,
				5EF241AD1CED271B003EA782 /* ImagesTableViewController.h */,
				5EF241AE1CED271B003EA782 /* ImagesTableViewController.m */,
				5EA681611CEF6654007136CA /* MediaTableViewCell.h */,
				5EA681621CEF6654007136CA /* MediaTableViewCell.m */,
				5EF241B91CEE7975003EA782 /* DataSource.h */,
				5EF241BA1CEE7975003EA782 /* DataSource.m */,
				5EF241B01CEE76AC003EA782 /* User.h */,
				5EF241B11CEE76AC003EA782 /* User.m */,
				5EF241B31CEE7747003EA782 /* Media.h */,
				5EF241B41CEE7747003EA782 /* Media.m */,
				5EF241B61CEE78C5003EA782 /* Comment.h */,
				5EF241B71CEE78C5003EA782 /* Comment.m */,
				5EA681641CF0001D007136CA /* LoginViewController.h */,
				5EA681651CF0001D007136CA /* LoginViewController.m */,
				5EB682621CF574150028A3BE /* MediaFullScreenViewController.h */,
				5EB682631CF574150028A3BE /* MediaFullScreenViewController.m */,
				5E1A5A1A1D0736CD005D8F89 /* CircleSpinnerView.h */,
				5E1A5A1B1D0736CD005D8F89 /* CircleSpinnerView.m */,
				5E1A5A1D1D075D9C005D8F89 /* LikeButton.h */,
				5E1A5A1E1D075D9C005D8F89 /* LikeButton.m */,
				5E1A5A201D0B1C31005D8F89 /* ComposeCommentView.h */,
				5E1A5A211D0B1C31005D8F89 /* ComposeCommentView.m */,
				5EF241861CED20E0003EA782 /* Assets.xcassets */,
				5EF241911CED22E8003EA782 /* Images */,
				5EF241881CED20E0003EA782 /* LaunchScreen.storyboard */,
				5EF2418B1CED20E0003EA782 /* Info.plist */,
				5EF2417A1CED20DF003EA782 /* Supporting Files */,
			);
			path = Blocstagram;
			sourceTree = "<group>";
		};
		5EF2417A1CED20DF003EA782 /* Supporting Files */ = {
			isa = PBXGroup;
			children = (
				5EF2417B1CED20DF003EA782 /* main.m */,
			);
			name = "Supporting Files";
			sourceTree = "<group>";
		};
		5EF241911CED22E8003EA782 /* Images */ = {
			isa = PBXGroup;
			children = (
				5EF241931CED2393003EA782 /* 1.jpg */,
				5EF241941CED2393003EA782 /* 2.jpg */,
				5EF241951CED2393003EA782 /* 3.jpg */,
				5EF241961CED2393003EA782 /* 4.jpg */,
				5EF241971CED2393003EA782 /* 5.jpg */,
				5EF241981CED2393003EA782 /* 6.jpg */,
				5EF241991CED2393003EA782 /* 7.jpg */,
				5EF2419A1CED2393003EA782 /* 8.jpg */,
				5EF2419B1CED2393003EA782 /* 9.jpg */,
				5EF2419C1CED2393003EA782 /* 10.jpg */,
			);
			name = Images;
			sourceTree = "<group>";
		};
		92DEB003543DA5A76E01C807 /* Frameworks */ = {
			isa = PBXGroup;
			children = (
				F35CE69ECED02A4A2C89C51B /* libPods-Blocstagram.a */,
			);
			name = Frameworks;
			sourceTree = "<group>";
		};
		B9095F4EBF8C226DEE9227AE /* Pods */ = {
			isa = PBXGroup;
			children = (
				9AA6F92B348779B68AF5B271 /* Pods-Blocstagram.debug.xcconfig */,
				B2B0126DA62F7A140ABB4FC8 /* Pods-Blocstagram.release.xcconfig */,
			);
			name = Pods;
			sourceTree = "<group>";
		};
/* End PBXGroup section */

/* Begin PBXNativeTarget section */
		5EF241761CED20DF003EA782 /* Blocstagram */ = {
			isa = PBXNativeTarget;
			buildConfigurationList = 5EF2418E1CED20E0003EA782 /* Build configuration list for PBXNativeTarget "Blocstagram" */;
			buildPhases = (
				49738523E7690B3983B1766D /* 📦 Check Pods Manifest.lock */,
				5EF241731CED20DF003EA782 /* Sources */,
				5EF241741CED20DF003EA782 /* Frameworks */,
				5EF241751CED20DF003EA782 /* Resources */,
				28CBFC8FDFD0DA66366DC6A7 /* 📦 Embed Pods Frameworks */,
				EDB7038EF42C073A38A22175 /* 📦 Copy Pods Resources */,
			);
			buildRules = (
			);
			dependencies = (
			);
			name = Blocstagram;
			productName = Blocstagram;
			productReference = 5EF241771CED20DF003EA782 /* Blocstagram.app */;
			productType = "com.apple.product-type.application";
		};
/* End PBXNativeTarget section */

/* Begin PBXProject section */
		5EF2416F1CED20DF003EA782 /* Project object */ = {
			isa = PBXProject;
			attributes = {
				LastUpgradeCheck = 0730;
				ORGANIZATIONNAME = "Alexis Schreier";
				TargetAttributes = {
					5EF241761CED20DF003EA782 = {
						CreatedOnToolsVersion = 7.3.1;
					};
				};
			};
			buildConfigurationList = 5EF241721CED20DF003EA782 /* Build configuration list for PBXProject "Blocstagram" */;
			compatibilityVersion = "Xcode 3.2";
			developmentRegion = English;
			hasScannedForEncodings = 0;
			knownRegions = (
				en,
				Base,
			);
			mainGroup = 5EF2416E1CED20DF003EA782;
			productRefGroup = 5EF241781CED20DF003EA782 /* Products */;
			projectDirPath = "";
			projectRoot = "";
			targets = (
				5EF241761CED20DF003EA782 /* Blocstagram */,
			);
		};
/* End PBXProject section */

/* Begin PBXResourcesBuildPhase section */
		5EF241751CED20DF003EA782 /* Resources */ = {
			isa = PBXResourcesBuildPhase;
			buildActionMask = 2147483647;
			files = (
				5EF241A51CED2393003EA782 /* 9.jpg in Resources */,
				5EF241A11CED2393003EA782 /* 5.jpg in Resources */,
				5EF241A41CED2393003EA782 /* 8.jpg in Resources */,
				5EF2418A1CED20E0003EA782 /* LaunchScreen.storyboard in Resources */,
				5EF2419E1CED2393003EA782 /* 2.jpg in Resources */,
				5EF2419D1CED2393003EA782 /* 1.jpg in Resources */,
				5EF241A61CED2393003EA782 /* 10.jpg in Resources */,
				5EF241A31CED2393003EA782 /* 7.jpg in Resources */,
				5EF241A01CED2393003EA782 /* 4.jpg in Resources */,
				5EF241A21CED2393003EA782 /* 6.jpg in Resources */,
				5EF241871CED20E0003EA782 /* Assets.xcassets in Resources */,
				5EF2419F1CED2393003EA782 /* 3.jpg in Resources */,
			);
			runOnlyForDeploymentPostprocessing = 0;
		};
/* End PBXResourcesBuildPhase section */

/* Begin PBXShellScriptBuildPhase section */
		28CBFC8FDFD0DA66366DC6A7 /* 📦 Embed Pods Frameworks */ = {
			isa = PBXShellScriptBuildPhase;
			buildActionMask = 2147483647;
			files = (
			);
			inputPaths = (
			);
			name = "📦 Embed Pods Frameworks";
			outputPaths = (
			);
			runOnlyForDeploymentPostprocessing = 0;
			shellPath = /bin/sh;
			shellScript = "\"${SRCROOT}/Pods/Target Support Files/Pods-Blocstagram/Pods-Blocstagram-frameworks.sh\"\n";
			showEnvVarsInLog = 0;
		};
		49738523E7690B3983B1766D /* 📦 Check Pods Manifest.lock */ = {
			isa = PBXShellScriptBuildPhase;
			buildActionMask = 2147483647;
			files = (
			);
			inputPaths = (
			);
			name = "📦 Check Pods Manifest.lock";
			outputPaths = (
			);
			runOnlyForDeploymentPostprocessing = 0;
			shellPath = /bin/sh;
			shellScript = "diff \"${PODS_ROOT}/../Podfile.lock\" \"${PODS_ROOT}/Manifest.lock\" > /dev/null\nif [[ $? != 0 ]] ; then\n    cat << EOM\nerror: The sandbox is not in sync with the Podfile.lock. Run 'pod install' or update your CocoaPods installation.\nEOM\n    exit 1\nfi\n";
			showEnvVarsInLog = 0;
		};
		EDB7038EF42C073A38A22175 /* 📦 Copy Pods Resources */ = {
			isa = PBXShellScriptBuildPhase;
			buildActionMask = 2147483647;
			files = (
			);
			inputPaths = (
			);
			name = "📦 Copy Pods Resources";
			outputPaths = (
			);
			runOnlyForDeploymentPostprocessing = 0;
			shellPath = /bin/sh;
			shellScript = "\"${SRCROOT}/Pods/Target Support Files/Pods-Blocstagram/Pods-Blocstagram-resources.sh\"\n";
			showEnvVarsInLog = 0;
		};
/* End PBXShellScriptBuildPhase section */

/* Begin PBXSourcesBuildPhase section */
		5EF241731CED20DF003EA782 /* Sources */ = {
			isa = PBXSourcesBuildPhase;
			buildActionMask = 2147483647;
			files = (
				5EB682641CF574150028A3BE /* MediaFullScreenViewController.m in Sources */,
				5E1A5A1C1D0736CD005D8F89 /* CircleSpinnerView.m in Sources */,
				5EF241B21CEE76AC003EA782 /* User.m in Sources */,
				5EF241B81CEE78C5003EA782 /* Comment.m in Sources */,
				5EA681631CEF6654007136CA /* MediaTableViewCell.m in Sources */,
				5EF241B51CEE7747003EA782 /* Media.m in Sources */,
				5EF241AF1CED271B003EA782 /* ImagesTableViewController.m in Sources */,
				5EA681661CF0001D007136CA /* LoginViewController.m in Sources */,
				5E1A5A1F1D075D9C005D8F89 /* LikeButton.m in Sources */,
				5EF241BB1CEE7975003EA782 /* DataSource.m in Sources */,
				5E1A5A221D0B1C31005D8F89 /* ComposeCommentView.m in Sources */,
				5EF2417F1CED20E0003EA782 /* AppDelegate.m in Sources */,
				5EF2417C1CED20E0003EA782 /* main.m in Sources */,
			);
			runOnlyForDeploymentPostprocessing = 0;
		};
/* End PBXSourcesBuildPhase section */

/* Begin PBXVariantGroup section */
		5EF241881CED20E0003EA782 /* LaunchScreen.storyboard */ = {
			isa = PBXVariantGroup;
			children = (
				5EF241891CED20E0003EA782 /* Base */,
			);
			name = LaunchScreen.storyboard;
			sourceTree = "<group>";
		};
/* End PBXVariantGroup section */

/* Begin XCBuildConfiguration section */
		5EF2418C1CED20E0003EA782 /* Debug */ = {
			isa = XCBuildConfiguration;
			buildSettings = {
				ALWAYS_SEARCH_USER_PATHS = NO;
				CLANG_ANALYZER_NONNULL = YES;
				CLANG_CXX_LANGUAGE_STANDARD = "gnu++0x";
				CLANG_CXX_LIBRARY = "libc++";
				CLANG_ENABLE_MODULES = YES;
				CLANG_ENABLE_OBJC_ARC = YES;
				CLANG_WARN_BOOL_CONVERSION = YES;
				CLANG_WARN_CONSTANT_CONVERSION = YES;
				CLANG_WARN_DIRECT_OBJC_ISA_USAGE = YES_ERROR;
				CLANG_WARN_EMPTY_BODY = YES;
				CLANG_WARN_ENUM_CONVERSION = YES;
				CLANG_WARN_INT_CONVERSION = YES;
				CLANG_WARN_OBJC_ROOT_CLASS = YES_ERROR;
				CLANG_WARN_UNREACHABLE_CODE = YES;
				CLANG_WARN__DUPLICATE_METHOD_MATCH = YES;
				"CODE_SIGN_IDENTITY[sdk=iphoneos*]" = "iPhone Developer";
				COPY_PHASE_STRIP = NO;
				DEBUG_INFORMATION_FORMAT = dwarf;
				ENABLE_STRICT_OBJC_MSGSEND = YES;
				ENABLE_TESTABILITY = YES;
				GCC_C_LANGUAGE_STANDARD = gnu99;
				GCC_DYNAMIC_NO_PIC = NO;
				GCC_NO_COMMON_BLOCKS = YES;
				GCC_OPTIMIZATION_LEVEL = 0;
				GCC_PREPROCESSOR_DEFINITIONS = (
					"DEBUG=1",
					"$(inherited)",
				);
				GCC_WARN_64_TO_32_BIT_CONVERSION = YES;
				GCC_WARN_ABOUT_RETURN_TYPE = YES_ERROR;
				GCC_WARN_UNDECLARED_SELECTOR = YES;
				GCC_WARN_UNINITIALIZED_AUTOS = YES_AGGRESSIVE;
				GCC_WARN_UNUSED_FUNCTION = YES;
				GCC_WARN_UNUSED_VARIABLE = YES;
				IPHONEOS_DEPLOYMENT_TARGET = 9.3;
				MTL_ENABLE_DEBUG_INFO = YES;
				ONLY_ACTIVE_ARCH = YES;
				SDKROOT = iphoneos;
				TARGETED_DEVICE_FAMILY = "1,2";
			};
			name = Debug;
		};
		5EF2418D1CED20E0003EA782 /* Release */ = {
			isa = XCBuildConfiguration;
			buildSettings = {
				ALWAYS_SEARCH_USER_PATHS = NO;
				CLANG_ANALYZER_NONNULL = YES;
				CLANG_CXX_LANGUAGE_STANDARD = "gnu++0x";
				CLANG_CXX_LIBRARY = "libc++";
				CLANG_ENABLE_MODULES = YES;
				CLANG_ENABLE_OBJC_ARC = YES;
				CLANG_WARN_BOOL_CONVERSION = YES;
				CLANG_WARN_CONSTANT_CONVERSION = YES;
				CLANG_WARN_DIRECT_OBJC_ISA_USAGE = YES_ERROR;
				CLANG_WARN_EMPTY_BODY = YES;
				CLANG_WARN_ENUM_CONVERSION = YES;
				CLANG_WARN_INT_CONVERSION = YES;
				CLANG_WARN_OBJC_ROOT_CLASS = YES_ERROR;
				CLANG_WARN_UNREACHABLE_CODE = YES;
				CLANG_WARN__DUPLICATE_METHOD_MATCH = YES;
				"CODE_SIGN_IDENTITY[sdk=iphoneos*]" = "iPhone Developer";
				COPY_PHASE_STRIP = NO;
				DEBUG_INFORMATION_FORMAT = "dwarf-with-dsym";
				ENABLE_NS_ASSERTIONS = NO;
				ENABLE_STRICT_OBJC_MSGSEND = YES;
				GCC_C_LANGUAGE_STANDARD = gnu99;
				GCC_NO_COMMON_BLOCKS = YES;
				GCC_WARN_64_TO_32_BIT_CONVERSION = YES;
				GCC_WARN_ABOUT_RETURN_TYPE = YES_ERROR;
				GCC_WARN_UNDECLARED_SELECTOR = YES;
				GCC_WARN_UNINITIALIZED_AUTOS = YES_AGGRESSIVE;
				GCC_WARN_UNUSED_FUNCTION = YES;
				GCC_WARN_UNUSED_VARIABLE = YES;
				IPHONEOS_DEPLOYMENT_TARGET = 9.3;
				MTL_ENABLE_DEBUG_INFO = NO;
				SDKROOT = iphoneos;
				TARGETED_DEVICE_FAMILY = "1,2";
				VALIDATE_PRODUCT = YES;
			};
			name = Release;
		};
		5EF2418F1CED20E0003EA782 /* Debug */ = {
			isa = XCBuildConfiguration;
			baseConfigurationReference = 9AA6F92B348779B68AF5B271 /* Pods-Blocstagram.debug.xcconfig */;
			buildSettings = {
				ASSETCATALOG_COMPILER_APPICON_NAME = AppIcon;
				INFOPLIST_FILE = Blocstagram/Info.plist;
				LD_RUNPATH_SEARCH_PATHS = "$(inherited) @executable_path/Frameworks";
				PRODUCT_BUNDLE_IDENTIFIER = com.bundexy.Blocstagram;
				PRODUCT_NAME = "$(TARGET_NAME)";
			};
			name = Debug;
		};
		5EF241901CED20E0003EA782 /* Release */ = {
			isa = XCBuildConfiguration;
			baseConfigurationReference = B2B0126DA62F7A140ABB4FC8 /* Pods-Blocstagram.release.xcconfig */;
			buildSettings = {
				ASSETCATALOG_COMPILER_APPICON_NAME = AppIcon;
				INFOPLIST_FILE = Blocstagram/Info.plist;
				LD_RUNPATH_SEARCH_PATHS = "$(inherited) @executable_path/Frameworks";
				PRODUCT_BUNDLE_IDENTIFIER = com.bundexy.Blocstagram;
				PRODUCT_NAME = "$(TARGET_NAME)";
			};
			name = Release;
		};
/* End XCBuildConfiguration section */

/* Begin XCConfigurationList section */
		5EF241721CED20DF003EA782 /* Build configuration list for PBXProject "Blocstagram" */ = {
			isa = XCConfigurationList;
			buildConfigurations = (
				5EF2418C1CED20E0003EA782 /* Debug */,
				5EF2418D1CED20E0003EA782 /* Release */,
			);
			defaultConfigurationIsVisible = 0;
			defaultConfigurationName = Release;
		};
		5EF2418E1CED20E0003EA782 /* Build configuration list for PBXNativeTarget "Blocstagram" */ = {
			isa = XCConfigurationList;
			buildConfigurations = (
				5EF2418F1CED20E0003EA782 /* Debug */,
				5EF241901CED20E0003EA782 /* Release */,
			);
			defaultConfigurationIsVisible = 0;
			defaultConfigurationName = Release;
		};
/* End XCConfigurationList section */
	};
	rootObject = 5EF2416F1CED20DF003EA782 /* Project object */;
}
